// !$*UTF8*$!
{
	archiveVersion = 1;
	classes = {
	};
	objectVersion = 56;
	objects = {

/* Begin PBXBuildFile section */
		A295B6082EAC8BC900A484D8 /* Auth in Frameworks */ = {isa = PBXBuildFile; productRef = A295B6072EAC8BC900A484D8 /* Auth */; };
		A295B60A2EAC8BC900A484D8 /* Functions in Frameworks */ = {isa = PBXBuildFile; productRef = A295B6092EAC8BC900A484D8 /* Functions */; };
		A295B60C2EAC8BC900A484D8 /* PostgREST in Frameworks */ = {isa = PBXBuildFile; productRef = A295B60B2EAC8BC900A484D8 /* PostgREST */; };
		A295B60E2EAC8BC900A484D8 /* Realtime in Frameworks */ = {isa = PBXBuildFile; productRef = A295B60D2EAC8BC900A484D8 /* Realtime */; };
		A295B6102EAC8BC900A484D8 /* Storage in Frameworks */ = {isa = PBXBuildFile; productRef = A295B60F2EAC8BC900A484D8 /* Storage */; };
		A295B6122EAC8BC900A484D8 /* Supabase in Frameworks */ = {isa = PBXBuildFile; productRef = A295B6112EAC8BC900A484D8 /* Supabase */; };
		A295B6142EAC8BFD00A484D8 /* SupabaseService.swift in Sources */ = {isa = PBXBuildFile; fileRef = A295B6132EAC8BFD00A484D8 /* SupabaseService.swift */; };
		A295B6172EAC8C0D00A484D8 /* DesignSystem.swift in Sources */ = {isa = PBXBuildFile; fileRef = A295B6162EAC8C0D00A484D8 /* DesignSystem.swift */; };
		A295B6182EAC8C0D00A484D8 /* AuthView.swift in Sources */ = {isa = PBXBuildFile; fileRef = A295B6152EAC8C0D00A484D8 /* AuthView.swift */; };
		A295B61A2EACB18000A484D8 /* Config.plist in Resources */ = {isa = PBXBuildFile; fileRef = A295B6192EACB18000A484D8 /* Config.plist */; };
		A2D010C62EB346CA00A423A6 /* Assets.xcassets in Resources */ = {isa = PBXBuildFile; fileRef = A2D010C52EB346CA00A423A6 /* Assets.xcassets */; };
		AA0000010000000000000001 /* OutLoudApp.swift in Sources */ = {isa = PBXBuildFile; fileRef = AA0000020000000000000001 /* OutLoudApp.swift */; };
		AA0000030000000000000001 /* Models.swift in Sources */ = {isa = PBXBuildFile; fileRef = AA0000040000000000000001 /* Models.swift */; };
		AA0000050000000000000001 /* AudioRecordingService.swift in Sources */ = {isa = PBXBuildFile; fileRef = AA0000060000000000000001 /* AudioRecordingService.swift */; };
		AA0000070000000000000001 /* WebSocketService.swift in Sources */ = {isa = PBXBuildFile; fileRef = AA0000080000000000000001 /* WebSocketService.swift */; };
		AA0000090000000000000001 /* SessionViewModel.swift in Sources */ = {isa = PBXBuildFile; fileRef = AA00000A0000000000000001 /* SessionViewModel.swift */; };
		AA00000D0000000000000001 /* SessionView.swift in Sources */ = {isa = PBXBuildFile; fileRef = AA00000E0000000000000001 /* SessionView.swift */; };
		AA00000F0000000000000001 /* Starscream in Frameworks */ = {isa = PBXBuildFile; productRef = AA0000100000000000000001 /* Starscream */; };
		AA0000110000000000000002 /* AudioWaveformView.swift in Sources */ = {isa = PBXBuildFile; fileRef = AA0000120000000000000002 /* AudioWaveformView.swift */; };
		AA0000130000000000000002 /* SessionManager.swift in Sources */ = {isa = PBXBuildFile; fileRef = AA0000140000000000000002 /* SessionManager.swift */; };
		AA0000180000000000000002 /* SessionDetailView.swift in Sources */ = {isa = PBXBuildFile; fileRef = AA0000150000000000000002 /* SessionDetailView.swift */; };
		AA0000190000000000000002 /* HomeView.swift in Sources */ = {isa = PBXBuildFile; fileRef = AA0000160000000000000002 /* HomeView.swift */; };
		AA00001A0000000000000002 /* DashboardView.swift in Sources */ = {isa = PBXBuildFile; fileRef = AA0000170000000000000002 /* DashboardView.swift */; };
/* End PBXBuildFile section */

/* Begin PBXFileReference section */
		A295B6132EAC8BFD00A484D8 /* SupabaseService.swift */ = {isa = PBXFileReference; lastKnownFileType = sourcecode.swift; path = SupabaseService.swift; sourceTree = "<group>"; };
		A295B6152EAC8C0D00A484D8 /* AuthView.swift */ = {isa = PBXFileReference; lastKnownFileType = sourcecode.swift; path = AuthView.swift; sourceTree = "<group>"; };
		A295B6162EAC8C0D00A484D8 /* DesignSystem.swift */ = {isa = PBXFileReference; lastKnownFileType = sourcecode.swift; path = DesignSystem.swift; sourceTree = "<group>"; };
		A295B6192EACB18000A484D8 /* Config.plist */ = {isa = PBXFileReference; lastKnownFileType = text.plist.xml; path = Config.plist; sourceTree = "<group>"; };
		A2D010C52EB346CA00A423A6 /* Assets.xcassets */ = {isa = PBXFileReference; lastKnownFileType = folder.assetcatalog; path = Assets.xcassets; sourceTree = "<group>"; };
		AA0000010000000000000002 /* OutLoud.app */ = {isa = PBXFileReference; explicitFileType = wrapper.application; includeInIndex = 0; path = OutLoud.app; sourceTree = BUILT_PRODUCTS_DIR; };
		AA0000020000000000000001 /* OutLoudApp.swift */ = {isa = PBXFileReference; lastKnownFileType = sourcecode.swift; path = OutLoudApp.swift; sourceTree = "<group>"; };
		AA0000040000000000000001 /* Models.swift */ = {isa = PBXFileReference; lastKnownFileType = sourcecode.swift; path = Models.swift; sourceTree = "<group>"; };
		AA0000060000000000000001 /* AudioRecordingService.swift */ = {isa = PBXFileReference; lastKnownFileType = sourcecode.swift; path = AudioRecordingService.swift; sourceTree = "<group>"; };
		AA0000080000000000000001 /* WebSocketService.swift */ = {isa = PBXFileReference; lastKnownFileType = sourcecode.swift; path = WebSocketService.swift; sourceTree = "<group>"; };
		AA00000A0000000000000001 /* SessionViewModel.swift */ = {isa = PBXFileReference; lastKnownFileType = sourcecode.swift; path = SessionViewModel.swift; sourceTree = "<group>"; };
		AA00000E0000000000000001 /* SessionView.swift */ = {isa = PBXFileReference; lastKnownFileType = sourcecode.swift; path = SessionView.swift; sourceTree = "<group>"; };
		AA0000110000000000000001 /* Info.plist */ = {isa = PBXFileReference; lastKnownFileType = text.plist.xml; path = Info.plist; sourceTree = "<group>"; };
		AA0000120000000000000002 /* AudioWaveformView.swift */ = {isa = PBXFileReference; lastKnownFileType = sourcecode.swift; path = AudioWaveformView.swift; sourceTree = "<group>"; };
		AA0000140000000000000002 /* SessionManager.swift */ = {isa = PBXFileReference; lastKnownFileType = sourcecode.swift; path = SessionManager.swift; sourceTree = "<group>"; };
		AA0000150000000000000002 /* SessionDetailView.swift */ = {isa = PBXFileReference; lastKnownFileType = sourcecode.swift; path = SessionDetailView.swift; sourceTree = "<group>"; };
		AA0000160000000000000002 /* HomeView.swift */ = {isa = PBXFileReference; lastKnownFileType = sourcecode.swift; path = HomeView.swift; sourceTree = "<group>"; };
		AA0000170000000000000002 /* DashboardView.swift */ = {isa = PBXFileReference; lastKnownFileType = sourcecode.swift; path = DashboardView.swift; sourceTree = "<group>"; };
/* End PBXFileReference section */

/* Begin PBXFrameworksBuildPhase section */
		AA0000120000000000000001 /* Frameworks */ = {
			isa = PBXFrameworksBuildPhase;
			buildActionMask = 2147483647;
			files = (
				A295B6122EAC8BC900A484D8 /* Supabase in Frameworks */,
				A295B6102EAC8BC900A484D8 /* Storage in Frameworks */,
				A295B60C2EAC8BC900A484D8 /* PostgREST in Frameworks */,
				A295B60A2EAC8BC900A484D8 /* Functions in Frameworks */,
				A295B6082EAC8BC900A484D8 /* Auth in Frameworks */,
				A295B60E2EAC8BC900A484D8 /* Realtime in Frameworks */,
				AA00000F0000000000000001 /* Starscream in Frameworks */,
			);
			runOnlyForDeploymentPostprocessing = 0;
		};
/* End PBXFrameworksBuildPhase section */

/* Begin PBXGroup section */
		AA0000130000000000000001 = {
			isa = PBXGroup;
			children = (
				A2D010C52EB346CA00A423A6 /* Assets.xcassets */,
				A295B6192EACB18000A484D8 /* Config.plist */,
				AA0000140000000000000001 /* OutLoud */,
				AA0000150000000000000001 /* Products */,
			);
			sourceTree = "<group>";
		};
		AA0000140000000000000001 /* OutLoud */ = {
			isa = PBXGroup;
			children = (
				AA0000020000000000000001 /* OutLoudApp.swift */,
				AA0000110000000000000001 /* Info.plist */,
				AA0000160000000000000001 /* Models */,
				AA0000170000000000000001 /* Services */,
				AA0000180000000000000001 /* ViewModels */,
				AA0000190000000000000001 /* Views */,
			);
			path = OutLoud;
			sourceTree = "<group>";
		};
		AA0000150000000000000001 /* Products */ = {
			isa = PBXGroup;
			children = (
				AA0000010000000000000002 /* OutLoud.app */,
			);
			name = Products;
			sourceTree = "<group>";
		};
		AA0000160000000000000001 /* Models */ = {
			isa = PBXGroup;
			children = (
				AA0000040000000000000001 /* Models.swift */,
			);
			path = Models;
			sourceTree = "<group>";
		};
		AA0000170000000000000001 /* Services */ = {
			isa = PBXGroup;
			children = (
				A295B6132EAC8BFD00A484D8 /* SupabaseService.swift */,
				AA0000060000000000000001 /* AudioRecordingService.swift */,
				AA0000080000000000000001 /* WebSocketService.swift */,
				AA0000140000000000000002 /* SessionManager.swift */,
			);
			path = Services;
			sourceTree = "<group>";
		};
		AA0000180000000000000001 /* ViewModels */ = {
			isa = PBXGroup;
			children = (
				AA00000A0000000000000001 /* SessionViewModel.swift */,
			);
			path = ViewModels;
			sourceTree = "<group>";
		};
		AA0000190000000000000001 /* Views */ = {
			isa = PBXGroup;
			children = (
				A295B6152EAC8C0D00A484D8 /* AuthView.swift */,
				A295B6162EAC8C0D00A484D8 /* DesignSystem.swift */,
				AA00000E0000000000000001 /* SessionView.swift */,
				AA0000120000000000000002 /* AudioWaveformView.swift */,
				AA0000150000000000000002 /* SessionDetailView.swift */,
				AA0000160000000000000002 /* HomeView.swift */,
				AA0000170000000000000002 /* DashboardView.swift */,
			);
			path = Views;
			sourceTree = "<group>";
		};
/* End PBXGroup section */

/* Begin PBXNativeTarget section */
		AA00001A0000000000000001 /* OutLoud */ = {
			isa = PBXNativeTarget;
			buildConfigurationList = AA00001B0000000000000001 /* Build configuration list for PBXNativeTarget "OutLoud" */;
			buildPhases = (
				AA00001C0000000000000001 /* Sources */,
				AA0000120000000000000001 /* Frameworks */,
				AA00001D0000000000000001 /* Resources */,
			);
			buildRules = (
			);
			dependencies = (
			);
			name = OutLoud;
			packageProductDependencies = (
				AA0000100000000000000001 /* Starscream */,
				A295B6072EAC8BC900A484D8 /* Auth */,
				A295B6092EAC8BC900A484D8 /* Functions */,
				A295B60B2EAC8BC900A484D8 /* PostgREST */,
				A295B60D2EAC8BC900A484D8 /* Realtime */,
				A295B60F2EAC8BC900A484D8 /* Storage */,
				A295B6112EAC8BC900A484D8 /* Supabase */,
			);
			productName = OutLoud;
			productReference = AA0000010000000000000002 /* OutLoud.app */;
			productType = "com.apple.product-type.application";
		};
/* End PBXNativeTarget section */

/* Begin PBXProject section */
		AA00001E0000000000000001 /* Project object */ = {
			isa = PBXProject;
			attributes = {
				BuildIndependentTargetsInParallel = 1;
				LastSwiftUpdateCheck = 1540;
				LastUpgradeCheck = 1540;
				TargetAttributes = {
					AA00001A0000000000000001 = {
						CreatedOnToolsVersion = 15.0;
					};
				};
			};
			buildConfigurationList = AA00001F0000000000000001 /* Build configuration list for PBXProject "OutLoud" */;
			compatibilityVersion = "Xcode 14.0";
			developmentRegion = en;
			hasScannedForEncodings = 0;
			knownRegions = (
				en,
				Base,
			);
			mainGroup = AA0000130000000000000001;
			packageReferences = (
				AA0000200000000000000001 /* XCRemoteSwiftPackageReference "Starscream" */,
				A295B6062EAC8BC900A484D8 /* XCRemoteSwiftPackageReference "supabase-swift" */,
			);
			productRefGroup = AA0000150000000000000001 /* Products */;
			projectDirPath = "";
			projectRoot = "";
			targets = (
				AA00001A0000000000000001 /* OutLoud */,
			);
		};
/* End PBXProject section */

/* Begin PBXResourcesBuildPhase section */
		AA00001D0000000000000001 /* Resources */ = {
			isa = PBXResourcesBuildPhase;
			buildActionMask = 2147483647;
			files = (
				A2D010C62EB346CA00A423A6 /* Assets.xcassets in Resources */,
				A295B61A2EACB18000A484D8 /* Config.plist in Resources */,
			);
			runOnlyForDeploymentPostprocessing = 0;
		};
/* End PBXResourcesBuildPhase section */

/* Begin PBXSourcesBuildPhase section */
		AA00001C0000000000000001 /* Sources */ = {
			isa = PBXSourcesBuildPhase;
			buildActionMask = 2147483647;
			files = (
				AA0000010000000000000001 /* OutLoudApp.swift in Sources */,
				A295B6142EAC8BFD00A484D8 /* SupabaseService.swift in Sources */,
				AA0000030000000000000001 /* Models.swift in Sources */,
				A295B6172EAC8C0D00A484D8 /* DesignSystem.swift in Sources */,
				A295B6182EAC8C0D00A484D8 /* AuthView.swift in Sources */,
				AA0000050000000000000001 /* AudioRecordingService.swift in Sources */,
				AA0000070000000000000001 /* WebSocketService.swift in Sources */,
				AA0000090000000000000001 /* SessionViewModel.swift in Sources */,
				AA00000D0000000000000001 /* SessionView.swift in Sources */,
				AA0000110000000000000002 /* AudioWaveformView.swift in Sources */,
				AA0000130000000000000002 /* SessionManager.swift in Sources */,
				AA0000180000000000000002 /* SessionDetailView.swift in Sources */,
				AA0000190000000000000002 /* HomeView.swift in Sources */,
				AA00001A0000000000000002 /* DashboardView.swift in Sources */,
			);
			runOnlyForDeploymentPostprocessing = 0;
		};
/* End PBXSourcesBuildPhase section */

/* Begin XCBuildConfiguration section */
		AA0000210000000000000001 /* Debug */ = {
			isa = XCBuildConfiguration;
			buildSettings = {
				ALWAYS_SEARCH_USER_PATHS = NO;
				ASSETCATALOG_COMPILER_GENERATE_SWIFT_ASSET_SYMBOL_EXTENSIONS = YES;
				CLANG_ANALYZER_NONNULL = YES;
				CLANG_ANALYZER_NUMBER_OBJECT_CONVERSION = YES_AGGRESSIVE;
				CLANG_CXX_LANGUAGE_STANDARD = "gnu++20";
				CLANG_ENABLE_MODULES = YES;
				CLANG_ENABLE_OBJC_ARC = YES;
				CLANG_ENABLE_OBJC_WEAK = YES;
				CLANG_WARN_BLOCK_CAPTURE_AUTORELEASING = YES;
				CLANG_WARN_BOOL_CONVERSION = YES;
				CLANG_WARN_COMMA = YES;
				CLANG_WARN_CONSTANT_CONVERSION = YES;
				CLANG_WARN_DEPRECATED_OBJC_IMPLEMENTATIONS = YES;
				CLANG_WARN_DIRECT_OBJC_ISA_USAGE = YES_ERROR;
				CLANG_WARN_DOCUMENTATION_COMMENTS = YES;
				CLANG_WARN_EMPTY_BODY = YES;
				CLANG_WARN_ENUM_CONVERSION = YES;
				CLANG_WARN_INFINITE_RECURSION = YES;
				CLANG_WARN_INT_CONVERSION = YES;
				CLANG_WARN_NON_LITERAL_NULL_CONVERSION = YES;
				CLANG_WARN_OBJC_IMPLICIT_RETAIN_SELF = YES;
				CLANG_WARN_OBJC_LITERAL_CONVERSION = YES;
				CLANG_WARN_OBJC_ROOT_CLASS = YES_ERROR;
				CLANG_WARN_QUOTED_INCLUDE_IN_FRAMEWORK_HEADER = YES;
				CLANG_WARN_RANGE_LOOP_ANALYSIS = YES;
				CLANG_WARN_STRICT_PROTOTYPES = YES;
				CLANG_WARN_SUSPICIOUS_MOVE = YES;
				CLANG_WARN_UNGUARDED_AVAILABILITY = YES_AGGRESSIVE;
				CLANG_WARN_UNREACHABLE_CODE = YES;
				CLANG_WARN__DUPLICATE_METHOD_MATCH = YES;
				COPY_PHASE_STRIP = NO;
				DEBUG_INFORMATION_FORMAT = dwarf;
				ENABLE_STRICT_OBJC_MSGSEND = YES;
				ENABLE_TESTABILITY = YES;
				ENABLE_USER_SCRIPT_SANDBOXING = YES;
				GCC_C_LANGUAGE_STANDARD = gnu17;
				GCC_DYNAMIC_NO_PIC = NO;
				GCC_NO_COMMON_BLOCKS = YES;
				GCC_OPTIMIZATION_LEVEL = 0;
				GCC_PREPROCESSOR_DEFINITIONS = (
					"DEBUG=1",
					"$(inherited)",
				);
				GCC_WARN_64_TO_32_BIT_CONVERSION = YES;
				GCC_WARN_ABOUT_RETURN_TYPE = YES_ERROR;
				GCC_WARN_UNDECLARED_SELECTOR = YES;
				GCC_WARN_UNINITIALIZED_AUTOS = YES_AGGRESSIVE;
				GCC_WARN_UNUSED_FUNCTION = YES;
				GCC_WARN_UNUSED_VARIABLE = YES;
				IPHONEOS_DEPLOYMENT_TARGET = 16.0;
				LOCALIZATION_PREFERS_STRING_CATALOGS = YES;
				MTL_ENABLE_DEBUG_INFO = INCLUDE_SOURCE;
				MTL_FAST_MATH = YES;
				ONLY_ACTIVE_ARCH = YES;
				SDKROOT = iphoneos;
				SWIFT_ACTIVE_COMPILATION_CONDITIONS = "DEBUG $(inherited)";
				SWIFT_OPTIMIZATION_LEVEL = "-Onone";
			};
			name = Debug;
		};
		AA0000220000000000000001 /* Release */ = {
			isa = XCBuildConfiguration;
			buildSettings = {
				ALWAYS_SEARCH_USER_PATHS = NO;
				ASSETCATALOG_COMPILER_GENERATE_SWIFT_ASSET_SYMBOL_EXTENSIONS = YES;
				CLANG_ANALYZER_NONNULL = YES;
				CLANG_ANALYZER_NUMBER_OBJECT_CONVERSION = YES_AGGRESSIVE;
				CLANG_CXX_LANGUAGE_STANDARD = "gnu++20";
				CLANG_ENABLE_MODULES = YES;
				CLANG_ENABLE_OBJC_ARC = YES;
				CLANG_ENABLE_OBJC_WEAK = YES;
				CLANG_WARN_BLOCK_CAPTURE_AUTORELEASING = YES;
				CLANG_WARN_BOOL_CONVERSION = YES;
				CLANG_WARN_COMMA = YES;
				CLANG_WARN_CONSTANT_CONVERSION = YES;
				CLANG_WARN_DEPRECATED_OBJC_IMPLEMENTATIONS = YES;
				CLANG_WARN_DIRECT_OBJC_ISA_USAGE = YES_ERROR;
				CLANG_WARN_DOCUMENTATION_COMMENTS = YES;
				CLANG_WARN_EMPTY_BODY = YES;
				CLANG_WARN_ENUM_CONVERSION = YES;
				CLANG_WARN_INFINITE_RECURSION = YES;
				CLANG_WARN_INT_CONVERSION = YES;
				CLANG_WARN_NON_LITERAL_NULL_CONVERSION = YES;
				CLANG_WARN_OBJC_IMPLICIT_RETAIN_SELF = YES;
				CLANG_WARN_OBJC_LITERAL_CONVERSION = YES;
				CLANG_WARN_OBJC_ROOT_CLASS = YES_ERROR;
				CLANG_WARN_QUOTED_INCLUDE_IN_FRAMEWORK_HEADER = YES;
				CLANG_WARN_RANGE_LOOP_ANALYSIS = YES;
				CLANG_WARN_STRICT_PROTOTYPES = YES;
				CLANG_WARN_SUSPICIOUS_MOVE = YES;
				CLANG_WARN_UNGUARDED_AVAILABILITY = YES_AGGRESSIVE;
				CLANG_WARN_UNREACHABLE_CODE = YES;
				CLANG_WARN__DUPLICATE_METHOD_MATCH = YES;
				COPY_PHASE_STRIP = NO;
				DEBUG_INFORMATION_FORMAT = "dwarf-with-dsym";
				ENABLE_NS_ASSERTIONS = NO;
				ENABLE_STRICT_OBJC_MSGSEND = YES;
				ENABLE_USER_SCRIPT_SANDBOXING = YES;
				GCC_C_LANGUAGE_STANDARD = gnu17;
				GCC_NO_COMMON_BLOCKS = YES;
				GCC_WARN_64_TO_32_BIT_CONVERSION = YES;
				GCC_WARN_ABOUT_RETURN_TYPE = YES_ERROR;
				GCC_WARN_UNDECLARED_SELECTOR = YES;
				GCC_WARN_UNINITIALIZED_AUTOS = YES_AGGRESSIVE;
				GCC_WARN_UNUSED_FUNCTION = YES;
				GCC_WARN_UNUSED_VARIABLE = YES;
				IPHONEOS_DEPLOYMENT_TARGET = 16.0;
				LOCALIZATION_PREFERS_STRING_CATALOGS = YES;
				MTL_ENABLE_DEBUG_INFO = NO;
				MTL_FAST_MATH = YES;
				SDKROOT = iphoneos;
				SWIFT_COMPILATION_MODE = wholemodule;
				VALIDATE_PRODUCT = YES;
			};
			name = Release;
		};
		AA0000230000000000000001 /* Debug */ = {
			isa = XCBuildConfiguration;
			buildSettings = {
				ASSETCATALOG_COMPILER_APPICON_NAME = AppIcon;
				ASSETCATALOG_COMPILER_GLOBAL_ACCENT_COLOR_NAME = AccentColor;
				CODE_SIGN_STYLE = Automatic;
				CURRENT_PROJECT_VERSION = 1;
				DEVELOPMENT_TEAM = 432GL3WKY2;
				ENABLE_PREVIEWS = YES;
				GENERATE_INFOPLIST_FILE = NO;
				INFOPLIST_FILE = OutLoud/Info.plist;
				INFOPLIST_KEY_UIApplicationSceneManifest_Generation = YES;
				INFOPLIST_KEY_UIApplicationSupportsIndirectInputEvents = YES;
				INFOPLIST_KEY_UILaunchScreen_Generation = YES;
				INFOPLIST_KEY_UISupportedInterfaceOrientations_iPad = "UIInterfaceOrientationPortrait UIInterfaceOrientationPortraitUpsideDown UIInterfaceOrientationLandscapeLeft UIInterfaceOrientationLandscapeRight";
				INFOPLIST_KEY_UISupportedInterfaceOrientations_iPhone = "UIInterfaceOrientationPortrait UIInterfaceOrientationLandscapeLeft UIInterfaceOrientationLandscapeRight";
				IPHONEOS_DEPLOYMENT_TARGET = 16.0;
				LD_RUNPATH_SEARCH_PATHS = (
					"$(inherited)",
					"@executable_path/Frameworks",
				);
				MARKETING_VERSION = 1.0;
				PRODUCT_BUNDLE_IDENTIFIER = com.wang.zigao.outloud;
				PRODUCT_NAME = "$(TARGET_NAME)";
				SWIFT_EMIT_LOC_STRINGS = YES;
				SWIFT_VERSION = 5.0;
				TARGETED_DEVICE_FAMILY = "1,2";
			};
			name = Debug;
		};
		AA0000240000000000000001 /* Release */ = {
			isa = XCBuildConfiguration;
			buildSettings = {
				ASSETCATALOG_COMPILER_APPICON_NAME = AppIcon;
				ASSETCATALOG_COMPILER_GLOBAL_ACCENT_COLOR_NAME = AccentColor;
				CODE_SIGN_STYLE = Automatic;
				CURRENT_PROJECT_VERSION = 1;
				DEVELOPMENT_TEAM = 432GL3WKY2;
				ENABLE_PREVIEWS = YES;
				GENERATE_INFOPLIST_FILE = NO;
				INFOPLIST_FILE = OutLoud/Info.plist;
				INFOPLIST_KEY_UIApplicationSceneManifest_Generation = YES;
				INFOPLIST_KEY_UIApplicationSupportsIndirectInputEvents = YES;
				INFOPLIST_KEY_UILaunchScreen_Generation = YES;
				INFOPLIST_KEY_UISupportedInterfaceOrientations_iPad = "UIInterfaceOrientationPortrait UIInterfaceOrientationPortraitUpsideDown UIInterfaceOrientationLandscapeLeft UIInterfaceOrientationLandscapeRight";
				INFOPLIST_KEY_UISupportedInterfaceOrientations_iPhone = "UIInterfaceOrientationPortrait UIInterfaceOrientationLandscapeLeft UIInterfaceOrientationLandscapeRight";
				IPHONEOS_DEPLOYMENT_TARGET = 16.0;
				LD_RUNPATH_SEARCH_PATHS = (
					"$(inherited)",
					"@executable_path/Frameworks",
				);
				MARKETING_VERSION = 1.0;
				PRODUCT_BUNDLE_IDENTIFIER = com.wang.zigao.outloud;
				PRODUCT_NAME = "$(TARGET_NAME)";
				SWIFT_EMIT_LOC_STRINGS = YES;
				SWIFT_VERSION = 5.0;
				TARGETED_DEVICE_FAMILY = "1,2";
			};
			name = Release;
		};
/* End XCBuildConfiguration section */

/* Begin XCConfigurationList section */
		AA00001B0000000000000001 /* Build configuration list for PBXNativeTarget "OutLoud" */ = {
			isa = XCConfigurationList;
			buildConfigurations = (
				AA0000230000000000000001 /* Debug */,
				AA0000240000000000000001 /* Release */,
			);
			defaultConfigurationIsVisible = 0;
			defaultConfigurationName = Release;
		};
		AA00001F0000000000000001 /* Build configuration list for PBXProject "OutLoud" */ = {
			isa = XCConfigurationList;
			buildConfigurations = (
				AA0000210000000000000001 /* Debug */,
				AA0000220000000000000001 /* Release */,
			);
			defaultConfigurationIsVisible = 0;
			defaultConfigurationName = Release;
		};
/* End XCConfigurationList section */

/* Begin XCRemoteSwiftPackageReference section */
		A295B6062EAC8BC900A484D8 /* XCRemoteSwiftPackageReference "supabase-swift" */ = {
			isa = XCRemoteSwiftPackageReference;
			repositoryURL = "https://github.com/supabase/supabase-swift";
			requirement = {
				kind = upToNextMajorVersion;
				minimumVersion = 2.5.1;
			};
		};
		AA0000200000000000000001 /* XCRemoteSwiftPackageReference "Starscream" */ = {
			isa = XCRemoteSwiftPackageReference;
			repositoryURL = "https://github.com/daltoniam/Starscream.git";
			requirement = {
				kind = upToNextMajorVersion;
				minimumVersion = 4.0.0;
			};
		};
/* End XCRemoteSwiftPackageReference section */

/* Begin XCSwiftPackageProductDependency section */
		A295B6072EAC8BC900A484D8 /* Auth */ = {
			isa = XCSwiftPackageProductDependency;
			package = A295B6062EAC8BC900A484D8 /* XCRemoteSwiftPackageReference "supabase-swift" */;
			productName = Auth;
		};
		A295B6092EAC8BC900A484D8 /* Functions */ = {
			isa = XCSwiftPackageProductDependency;
			package = A295B6062EAC8BC900A484D8 /* XCRemoteSwiftPackageReference "supabase-swift" */;
			productName = Functions;
		};
		A295B60B2EAC8BC900A484D8 /* PostgREST */ = {
			isa = XCSwiftPackageProductDependency;
			package = A295B6062EAC8BC900A484D8 /* XCRemoteSwiftPackageReference "supabase-swift" */;
			productName = PostgREST;
		};
		A295B60D2EAC8BC900A484D8 /* Realtime */ = {
			isa = XCSwiftPackageProductDependency;
			package = A295B6062EAC8BC900A484D8 /* XCRemoteSwiftPackageReference "supabase-swift" */;
			productName = Realtime;
		};
		A295B60F2EAC8BC900A484D8 /* Storage */ = {
			isa = XCSwiftPackageProductDependency;
			package = A295B6062EAC8BC900A484D8 /* XCRemoteSwiftPackageReference "supabase-swift" */;
			productName = Storage;
		};
		A295B6112EAC8BC900A484D8 /* Supabase */ = {
			isa = XCSwiftPackageProductDependency;
			package = A295B6062EAC8BC900A484D8 /* XCRemoteSwiftPackageReference "supabase-swift" */;
			productName = Supabase;
		};
		AA0000100000000000000001 /* Starscream */ = {
			isa = XCSwiftPackageProductDependency;
			package = AA0000200000000000000001 /* XCRemoteSwiftPackageReference "Starscream" */;
			productName = Starscream;
		};
/* End XCSwiftPackageProductDependency section */
	};
	rootObject = AA00001E0000000000000001 /* Project object */;
}
